
Microsoft Visual Studio Solution File, Format Version 12.00
# Visual Studio Version 17
VisualStudioVersion = 17.14.36429.23 d17.14
MinimumVisualStudioVersion = 10.0.40219.1
Project("{FAE04EC0-301F-11D3-BF4B-00C04F79EFBC}") = "ShirleyBas_GuessTheWordGame", "ShirleyBas_GuessTheWordGame.csproj", "{1397BCAA-1C0D-4C26-94FA-A77DD3FB4D2E}"
EndProject
Global
	GlobalSection(SolutionConfigurationPlatforms) = preSolution
		Debug|Any CPU = Debug|Any CPU
		Release|Any CPU = Release|Any CPU
	EndGlobalSection
	GlobalSection(ProjectConfigurationPlatforms) = postSolution
		{1397BCAA-1C0D-4C26-94FA-A77DD3FB4D2E}.Debug|Any CPU.ActiveCfg = Debug|Any CPU
		{1397BCAA-1C0D-4C26-94FA-A77DD3FB4D2E}.Debug|Any CPU.Build.0 = Debug|Any CPU
		{1397BCAA-1C0D-4C26-94FA-A77DD3FB4D2E}.Release|Any CPU.ActiveCfg = Release|Any CPU
		{1397BCAA-1C0D-4C26-94FA-A77DD3FB4D2E}.Release|Any CPU.Build.0 = Release|Any CPU
	EndGlobalSection
	GlobalSection(SolutionProperties) = preSolution
		HideSolutionNode = FALSE
	EndGlobalSection
	GlobalSection(ExtensibilityGlobals) = postSolution
		SolutionGuid = {20528B1F-7B2B-47A0-AF90-1331008E9B9E}
	EndGlobalSection
EndGlobal
